// !$*UTF8*$!
{
	archiveVersion = 1;
	classes = {
	};
	objectVersion = 50;
	objects = {

/* Begin PBXBuildFile section */
		546EE9562360D1FA00043112 /* AppDelegate.swift in Sources */ = {isa = PBXBuildFile; fileRef = 546EE9552360D1FA00043112 /* AppDelegate.swift */; };
		546EE9582360D1FA00043112 /* SceneDelegate.swift in Sources */ = {isa = PBXBuildFile; fileRef = 546EE9572360D1FA00043112 /* SceneDelegate.swift */; };
		546EE95A2360D1FA00043112 /* ViewController.swift in Sources */ = {isa = PBXBuildFile; fileRef = 546EE9592360D1FA00043112 /* ViewController.swift */; };
		546EE95F2360D1FB00043112 /* Assets.xcassets in Resources */ = {isa = PBXBuildFile; fileRef = 546EE95E2360D1FB00043112 /* Assets.xcassets */; };
		546EE9622360D1FB00043112 /* LaunchScreen.storyboard in Resources */ = {isa = PBXBuildFile; fileRef = 546EE9602360D1FB00043112 /* LaunchScreen.storyboard */; };
		546EE96A2360DC5400043112 /* ShoppingItemCollectionViewCell.swift in Sources */ = {isa = PBXBuildFile; fileRef = 546EE9692360DC5400043112 /* ShoppingItemCollectionViewCell.swift */; };
		546EE96C2360E76300043112 /* Item.swift in Sources */ = {isa = PBXBuildFile; fileRef = 546EE96B2360E76300043112 /* Item.swift */; };
		546EE96E2360EE7600043112 /* CreateItemViewController.swift in Sources */ = {isa = PBXBuildFile; fileRef = 546EE96D2360EE7600043112 /* CreateItemViewController.swift */; };
/* End PBXBuildFile section */

/* Begin PBXFileReference section */
		546EE9522360D1FA00043112 /* unit-4-review.app */ = {isa = PBXFileReference; explicitFileType = wrapper.application; includeInIndex = 0; path = "unit-4-review.app"; sourceTree = BUILT_PRODUCTS_DIR; };
		546EE9552360D1FA00043112 /* AppDelegate.swift */ = {isa = PBXFileReference; lastKnownFileType = sourcecode.swift; path = AppDelegate.swift; sourceTree = "<group>"; };
		546EE9572360D1FA00043112 /* SceneDelegate.swift */ = {isa = PBXFileReference; lastKnownFileType = sourcecode.swift; path = SceneDelegate.swift; sourceTree = "<group>"; };
		546EE9592360D1FA00043112 /* ViewController.swift */ = {isa = PBXFileReference; lastKnownFileType = sourcecode.swift; path = ViewController.swift; sourceTree = "<group>"; };
		546EE95E2360D1FB00043112 /* Assets.xcassets */ = {isa = PBXFileReference; lastKnownFileType = folder.assetcatalog; path = Assets.xcassets; sourceTree = "<group>"; };
		546EE9612360D1FB00043112 /* Base */ = {isa = PBXFileReference; lastKnownFileType = file.storyboard; name = Base; path = Base.lproj/LaunchScreen.storyboard; sourceTree = "<group>"; };
		546EE9632360D1FB00043112 /* Info.plist */ = {isa = PBXFileReference; lastKnownFileType = text.plist.xml; path = Info.plist; sourceTree = "<group>"; };
		546EE9692360DC5400043112 /* ShoppingItemCollectionViewCell.swift */ = {isa = PBXFileReference; lastKnownFileType = sourcecode.swift; path = ShoppingItemCollectionViewCell.swift; sourceTree = "<group>"; };
		546EE96B2360E76300043112 /* Item.swift */ = {isa = PBXFileReference; lastKnownFileType = sourcecode.swift; path = Item.swift; sourceTree = "<group>"; };
		546EE96D2360EE7600043112 /* CreateItemViewController.swift */ = {isa = PBXFileReference; lastKnownFileType = sourcecode.swift; path = CreateItemViewController.swift; sourceTree = "<group>"; };
/* End PBXFileReference section */

/* Begin PBXFrameworksBuildPhase section */
		546EE94F2360D1FA00043112 /* Frameworks */ = {
			isa = PBXFrameworksBuildPhase;
			buildActionMask = 2147483647;
			files = (
			);
			runOnlyForDeploymentPostprocessing = 0;
		};
/* End PBXFrameworksBuildPhase section */

/* Begin PBXGroup section */
		546EE9492360D1FA00043112 = {
			isa = PBXGroup;
			children = (
				546EE9542360D1FA00043112 /* unit-4-review */,
				546EE9532360D1FA00043112 /* Products */,
			);
			sourceTree = "<group>";
		};
		546EE9532360D1FA00043112 /* Products */ = {
			isa = PBXGroup;
			children = (
				546EE9522360D1FA00043112 /* unit-4-review.app */,
			);
			name = Products;
			sourceTree = "<group>";
		};
		546EE9542360D1FA00043112 /* unit-4-review */ = {
			isa = PBXGroup;
			children = (
				546EE9552360D1FA00043112 /* AppDelegate.swift */,
				546EE9572360D1FA00043112 /* SceneDelegate.swift */,
				546EE96D2360EE7600043112 /* CreateItemViewController.swift */,
				546EE9592360D1FA00043112 /* ViewController.swift */,
				546EE9692360DC5400043112 /* ShoppingItemCollectionViewCell.swift */,
				546EE96B2360E76300043112 /* Item.swift */,
				546EE95E2360D1FB00043112 /* Assets.xcassets */,
				546EE9602360D1FB00043112 /* LaunchScreen.storyboard */,
				546EE9632360D1FB00043112 /* Info.plist */,
			);
			path = "unit-4-review";
			sourceTree = "<group>";
		};
/* End PBXGroup section */

/* Begin PBXNativeTarget section */
		546EE9512360D1FA00043112 /* unit-4-review */ = {
			isa = PBXNativeTarget;
			buildConfigurationList = 546EE9662360D1FB00043112 /* Build configuration list for PBXNativeTarget "unit-4-review" */;
			buildPhases = (
				546EE94E2360D1FA00043112 /* Sources */,
				546EE94F2360D1FA00043112 /* Frameworks */,
				546EE9502360D1FA00043112 /* Resources */,
			);
			buildRules = (
			);
			dependencies = (
			);
			name = "unit-4-review";
			productName = "unit-4-review";
			productReference = 546EE9522360D1FA00043112 /* unit-4-review.app */;
			productType = "com.apple.product-type.application";
		};
/* End PBXNativeTarget section */

/* Begin PBXProject section */
		546EE94A2360D1FA00043112 /* Project object */ = {
			isa = PBXProject;
			attributes = {
				LastSwiftUpdateCheck = 1110;
				LastUpgradeCheck = 1110;
				ORGANIZATIONNAME = "David Rifkin";
				TargetAttributes = {
					546EE9512360D1FA00043112 = {
						CreatedOnToolsVersion = 11.1;
					};
				};
			};
			buildConfigurationList = 546EE94D2360D1FA00043112 /* Build configuration list for PBXProject "unit-4-review" */;
			compatibilityVersion = "Xcode 9.3";
			developmentRegion = en;
			hasScannedForEncodings = 0;
			knownRegions = (
				en,
				Base,
			);
			mainGroup = 546EE9492360D1FA00043112;
			productRefGroup = 546EE9532360D1FA00043112 /* Products */;
			projectDirPath = "";
			projectRoot = "";
			targets = (
				546EE9512360D1FA00043112 /* unit-4-review */,
			);
		};
/* End PBXProject section */

/* Begin PBXResourcesBuildPhase section */
		546EE9502360D1FA00043112 /* Resources */ = {
			isa = PBXResourcesBuildPhase;
			buildActionMask = 2147483647;
			files = (
				546EE9622360D1FB00043112 /* LaunchScreen.storyboard in Resources */,
				546EE95F2360D1FB00043112 /* Assets.xcassets in Resources */,
			);
			runOnlyForDeploymentPostprocessing = 0;
		};
/* End PBXResourcesBuildPhase section */

/* Begin PBXSourcesBuildPhase section */
		546EE94E2360D1FA00043112 /* Sources */ = {
			isa = PBXSourcesBuildPhase;
			buildActionMask = 2147483647;
			files = (
				546EE96C2360E76300043112 /* Item.swift in Sources */,
				546EE96E2360EE7600043112 /* CreateItemViewController.swift in Sources */,
				546EE95A2360D1FA00043112 /* ViewController.swift in Sources */,
				546EE96A2360DC5400043112 /* ShoppingItemCollectionViewCell.swift in Sources */,
				546EE9562360D1FA00043112 /* AppDelegate.swift in Sources */,
				546EE9582360D1FA00043112 /* SceneDelegate.swift in Sources */,
			);
			runOnlyForDeploymentPostprocessing = 0;
		};
/* End PBXSourcesBuildPhase section */

/* Begin PBXVariantGroup section */
		546EE9602360D1FB00043112 /* LaunchScreen.storyboard */ = {
			isa = PBXVariantGroup;
			children = (
				546EE9612360D1FB00043112 /* Base */,
			);
			name = LaunchScreen.storyboard;
			sourceTree = "<group>";
		};
/* End PBXVariantGroup section */

/* Begin XCBuildConfiguration section */
		546EE9642360D1FB00043112 /* Debug */ = {
			isa = XCBuildConfiguration;
			buildSettings = {
				ALWAYS_SEARCH_USER_PATHS = NO;
				CLANG_ANALYZER_NONNULL = YES;
				CLANG_ANALYZER_NUMBER_OBJECT_CONVERSION = YES_AGGRESSIVE;
				CLANG_CXX_LANGUAGE_STANDARD = "gnu++14";
				CLANG_CXX_LIBRARY = "libc++";
				CLANG_ENABLE_MODULES = YES;
				CLANG_ENABLE_OBJC_ARC = YES;
				CLANG_ENABLE_OBJC_WEAK = YES;
				CLANG_WARN_BLOCK_CAPTURE_AUTORELEASING = YES;
				CLANG_WARN_BOOL_CONVERSION = YES;
				CLANG_WARN_COMMA = YES;
				CLANG_WARN_CONSTANT_CONVERSION = YES;
				CLANG_WARN_DEPRECATED_OBJC_IMPLEMENTATIONS = YES;
				CLANG_WARN_DIRECT_OBJC_ISA_USAGE = YES_ERROR;
				CLANG_WARN_DOCUMENTATION_COMMENTS = YES;
				CLANG_WARN_EMPTY_BODY = YES;
				CLANG_WARN_ENUM_CONVERSION = YES;
				CLANG_WARN_INFINITE_RECURSION = YES;
				CLANG_WARN_INT_CONVERSION = YES;
				CLANG_WARN_NON_LITERAL_NULL_CONVERSION = YES;
				CLANG_WARN_OBJC_IMPLICIT_RETAIN_SELF = YES;
				CLANG_WARN_OBJC_LITERAL_CONVERSION = YES;
				CLANG_WARN_OBJC_ROOT_CLASS = YES_ERROR;
				CLANG_WARN_RANGE_LOOP_ANALYSIS = YES;
				CLANG_WARN_STRICT_PROTOTYPES = YES;
				CLANG_WARN_SUSPICIOUS_MOVE = YES;
				CLANG_WARN_UNGUARDED_AVAILABILITY = YES_AGGRESSIVE;
				CLANG_WARN_UNREACHABLE_CODE = YES;
				CLANG_WARN__DUPLICATE_METHOD_MATCH = YES;
				COPY_PHASE_STRIP = NO;
				DEBUG_INFORMATION_FORMAT = dwarf;
				ENABLE_STRICT_OBJC_MSGSEND = YES;
				ENABLE_TESTABILITY = YES;
				GCC_C_LANGUAGE_STANDARD = gnu11;
				GCC_DYNAMIC_NO_PIC = NO;
				GCC_NO_COMMON_BLOCKS = YES;
				GCC_OPTIMIZATION_LEVEL = 0;
				GCC_PREPROCESSOR_DEFINITIONS = (
					"DEBUG=1",
					"$(inherited)",
				);
				GCC_WARN_64_TO_32_BIT_CONVERSION = YES;
				GCC_WARN_ABOUT_RETURN_TYPE = YES_ERROR;
				GCC_WARN_UNDECLARED_SELECTOR = YES;
				GCC_WARN_UNINITIALIZED_AUTOS = YES_AGGRESSIVE;
				GCC_WARN_UNUSED_FUNCTION = YES;
				GCC_WARN_UNUSED_VARIABLE = YES;
				IPHONEOS_DEPLOYMENT_TARGET = 13.1;
				MTL_ENABLE_DEBUG_INFO = INCLUDE_SOURCE;
				MTL_FAST_MATH = YES;
				ONLY_ACTIVE_ARCH = YES;
				SDKROOT = iphoneos;
				SWIFT_ACTIVE_COMPILATION_CONDITIONS = DEBUG;
				SWIFT_OPTIMIZATION_LEVEL = "-Onone";
			};
			name = Debug;
		};
		546EE9652360D1FB00043112 /* Release */ = {
			isa = XCBuildConfiguration;
			buildSettings = {
				ALWAYS_SEARCH_USER_PATHS = NO;
				CLANG_ANALYZER_NONNULL = YES;
				CLANG_ANALYZER_NUMBER_OBJECT_CONVERSION = YES_AGGRESSIVE;
				CLANG_CXX_LANGUAGE_STANDARD = "gnu++14";
				CLANG_CXX_LIBRARY = "libc++";
				CLANG_ENABLE_MODULES = YES;
				CLANG_ENABLE_OBJC_ARC = YES;
				CLANG_ENABLE_OBJC_WEAK = YES;
				CLANG_WARN_BLOCK_CAPTURE_AUTORELEASING = YES;
				CLANG_WARN_BOOL_CONVERSION = YES;
				CLANG_WARN_COMMA = YES;
				CLANG_WARN_CONSTANT_CONVERSION = YES;
				CLANG_WARN_DEPRECATED_OBJC_IMPLEMENTATIONS = YES;
				CLANG_WARN_DIRECT_OBJC_ISA_USAGE = YES_ERROR;
				CLANG_WARN_DOCUMENTATION_COMMENTS = YES;
				CLANG_WARN_EMPTY_BODY = YES;
				CLANG_WARN_ENUM_CONVERSION = YES;
				CLANG_WARN_INFINITE_RECURSION = YES;
				CLANG_WARN_INT_CONVERSION = YES;
				CLANG_WARN_NON_LITERAL_NULL_CONVERSION = YES;
				CLANG_WARN_OBJC_IMPLICIT_RETAIN_SELF = YES;
				CLANG_WARN_OBJC_LITERAL_CONVERSION = YES;
				CLANG_WARN_OBJC_ROOT_CLASS = YES_ERROR;
				CLANG_WARN_RANGE_LOOP_ANALYSIS = YES;
				CLANG_WARN_STRICT_PROTOTYPES = YES;
				CLANG_WARN_SUSPICIOUS_MOVE = YES;
				CLANG_WARN_UNGUARDED_AVAILABILITY = YES_AGGRESSIVE;
				CLANG_WARN_UNREACHABLE_CODE = YES;
				CLANG_WARN__DUPLICATE_METHOD_MATCH = YES;
				COPY_PHASE_STRIP = NO;
				DEBUG_INFORMATION_FORMAT = "dwarf-with-dsym";
				ENABLE_NS_ASSERTIONS = NO;
				ENABLE_STRICT_OBJC_MSGSEND = YES;
				GCC_C_LANGUAGE_STANDARD = gnu11;
				GCC_NO_COMMON_BLOCKS = YES;
				GCC_WARN_64_TO_32_BIT_CONVERSION = YES;
				GCC_WARN_ABOUT_RETURN_TYPE = YES_ERROR;
				GCC_WARN_UNDECLARED_SELECTOR = YES;
				GCC_WARN_UNINITIALIZED_AUTOS = YES_AGGRESSIVE;
				GCC_WARN_UNUSED_FUNCTION = YES;
				GCC_WARN_UNUSED_VARIABLE = YES;
				IPHONEOS_DEPLOYMENT_TARGET = 13.1;
				MTL_ENABLE_DEBUG_INFO = NO;
				MTL_FAST_MATH = YES;
				SDKROOT = iphoneos;
				SWIFT_COMPILATION_MODE = wholemodule;
				SWIFT_OPTIMIZATION_LEVEL = "-O";
				VALIDATE_PRODUCT = YES;
			};
			name = Release;
		};
		546EE9672360D1FB00043112 /* Debug */ = {
			isa = XCBuildConfiguration;
			buildSettings = {
				ASSETCATALOG_COMPILER_APPICON_NAME = AppIcon;
				CODE_SIGN_STYLE = Automatic;
				INFOPLIST_FILE = "unit-4-review/Info.plist";
				LD_RUNPATH_SEARCH_PATHS = (
					"$(inherited)",
					"@executable_path/Frameworks",
				);
				PRODUCT_BUNDLE_IDENTIFIER = "sixpointone.unit-4-review";
				PRODUCT_NAME = "$(TARGET_NAME)";
				SWIFT_VERSION = 5.0;
				TARGETED_DEVICE_FAMILY = "1,2";
			};
			name = Debug;
		};
		546EE9682360D1FB00043112 /* Release */ = {
			isa = XCBuildConfiguration;
			buildSettings = {
				ASSETCATALOG_COMPILER_APPICON_NAME = AppIcon;
				CODE_SIGN_STYLE = Automatic;
				INFOPLIST_FILE = "unit-4-review/Info.plist";
				LD_RUNPATH_SEARCH_PATHS = (
					"$(inherited)",
					"@executable_path/Frameworks",
				);
				PRODUCT_BUNDLE_IDENTIFIER = "sixpointone.unit-4-review";
				PRODUCT_NAME = "$(TARGET_NAME)";
				SWIFT_VERSION = 5.0;
				TARGETED_DEVICE_FAMILY = "1,2";
			};
			name = Release;
		};
/* End XCBuildConfiguration section */

/* Begin XCConfigurationList section */
		546EE94D2360D1FA00043112 /* Build configuration list for PBXProject "unit-4-review" */ = {
			isa = XCConfigurationList;
			buildConfigurations = (
				546EE9642360D1FB00043112 /* Debug */,
				546EE9652360D1FB00043112 /* Release */,
			);
			defaultConfigurationIsVisible = 0;
			defaultConfigurationName = Release;
		};
		546EE9662360D1FB00043112 /* Build configuration list for PBXNativeTarget "unit-4-review" */ = {
			isa = XCConfigurationList;
			buildConfigurations = (
				546EE9672360D1FB00043112 /* Debug */,
				546EE9682360D1FB00043112 /* Release */,
			);
			defaultConfigurationIsVisible = 0;
			defaultConfigurationName = Release;
		};
/* End XCConfigurationList section */
	};
	rootObject = 546EE94A2360D1FA00043112 /* Project object */;
}
